
Microsoft Visual Studio Solution File, Format Version 12.00
# Visual Studio 15
Project("{FAE04EC0-301F-11D3-BF4B-00C04F79EFBC}") = "tamtambotapi", "tamtambotapi\tamtambotapi.csproj", "{7102F157-D7C0-4B66-B74D-195A5C9330CC}"
EndProject
Project("{FAE04EC0-301F-11D3-BF4B-00C04F79EFBC}") = "tamtambottest", "tamtambottest\tamtambottest.csproj", "{423D2528-5D81-43C3-9446-1B26D9087943}"
EndProject
Global
	GlobalSection(SolutionConfigurationPlatforms) = preSolution
		Debug|Any CPU = Debug|Any CPU
		Release|Any CPU = Release|Any CPU
	EndGlobalSection
	GlobalSection(ProjectConfigurationPlatforms) = postSolution
		{7102F157-D7C0-4B66-B74D-195A5C9330CC}.Debug|Any CPU.ActiveCfg = Debug|Any CPU
		{7102F157-D7C0-4B66-B74D-195A5C9330CC}.Debug|Any CPU.Build.0 = Debug|Any CPU
		{7102F157-D7C0-4B66-B74D-195A5C9330CC}.Release|Any CPU.ActiveCfg = Release|Any CPU
		{7102F157-D7C0-4B66-B74D-195A5C9330CC}.Release|Any CPU.Build.0 = Release|Any CPU
		{423D2528-5D81-43C3-9446-1B26D9087943}.Debug|Any CPU.ActiveCfg = Debug|Any CPU
		{423D2528-5D81-43C3-9446-1B26D9087943}.Debug|Any CPU.Build.0 = Debug|Any CPU
		{423D2528-5D81-43C3-9446-1B26D9087943}.Release|Any CPU.ActiveCfg = Release|Any CPU
		{423D2528-5D81-43C3-9446-1B26D9087943}.Release|Any CPU.Build.0 = Release|Any CPU
	EndGlobalSection
EndGlobal
